
Microsoft Visual Studio Solution File, Format Version 12.00
# Visual Studio Version 17
VisualStudioVersion = 17.3.32922.545
MinimumVisualStudioVersion = 10.0.40219.1
Project("{9A19103F-16F7-4668-BE54-9A1E7A4F7556}") = "GC.Entites", "GC.Entites\GC.Entites.csproj", "{DC2B3A35-FB65-4C5B-BAB7-E7793AD73448}"
EndProject
Project("{9A19103F-16F7-4668-BE54-9A1E7A4F7556}") = "GC.DAL.JSON", "GC.DAL.JSON\GC.DAL.JSON.csproj", "{592C5EE0-F3F5-47B0-8CA0-C5CAA22F7099}"
EndProject
Project("{9A19103F-16F7-4668-BE54-9A1E7A4F7556}") = "GC.DAL.XML", "GC.DAL.XML\GC.DAL.XML.csproj", "{C36D1497-0C4A-442F-8A11-099EA67C5F46}"
EndProject
Project("{9A19103F-16F7-4668-BE54-9A1E7A4F7556}") = "GC.Batch", "GC.Batch\GC.Batch.csproj", "{D074B392-07BA-4CD5-A496-12516D097761}"
EndProject
Project("{9A19103F-16F7-4668-BE54-9A1E7A4F7556}") = "GC.Batch.ModifierNomPrenomPremiereLettreMajuscules", "GC.Batch.ModifierNomPrenomPremiereLettreMajuscules\GC.Batch.ModifierNomPrenomPremiereLettreMajuscules.csproj", "{524CE3D7-1226-4377-A0AD-CF5CBC11182D}"
EndProject
Project("{9A19103F-16F7-4668-BE54-9A1E7A4F7556}") = "GC.Batch.ModifierPaysMajusculesClients", "GC.Batch.ModifierPaysMajusculesClients\GC.Batch.ModifierPaysMajusculesClients.csproj", "{95E76317-2CD2-4ED2-87D8-A420CB28FD42}"
EndProject
Project("{9A19103F-16F7-4668-BE54-9A1E7A4F7556}") = "GC.ConsoleUI", "GC.ConsoleUI\GC.ConsoleUI.csproj", "{6C92F2D6-BB81-4A25-9310-CF1A26A38F06}"
EndProject
Project("{FAE04EC0-301F-11D3-BF4B-00C04F79EFBC}") = "GC.WebReact", "GC.WebReact\GC.WebReact.csproj", "{AF31104E-FB7A-4F10-9BE4-610AD11A8EBE}"
EndProject
Project("{FAE04EC0-301F-11D3-BF4B-00C04F79EFBC}") = "GC.DAL.EF", "GC.DAL.EF\GC.DAL.EF.csproj", "{EF3D1AB7-5FA1-43EF-A99F-41C4994E1CEA}"
EndProject
Project("{FAE04EC0-301F-11D3-BF4B-00C04F79EFBC}") = "GC.GenererDonnees", "GC.GenererDonnees\GC.GenererDonnees.csproj", "{9648F306-DF36-4190-A7A3-7C225CE4B173}"
EndProject
Project("{FAE04EC0-301F-11D3-BF4B-00C04F79EFBC}") = "GC.BL", "GC.BL\GC.BL.csproj", "{9A302056-033B-4B31-812F-F1C8243238F5}"
EndProject
Project("{2150E333-8FDC-42A3-9474-1A3956D46DE8}") = "DALs", "DALs", "{4B046E41-3D4C-4D56-8145-44E0E5B70EE3}"
EndProject
Project("{2150E333-8FDC-42A3-9474-1A3956D46DE8}") = "Batchs", "Batchs", "{105EDF94-559B-4F21-948E-A27B6E7DC9CA}"
EndProject
Project("{2150E333-8FDC-42A3-9474-1A3956D46DE8}") = "Utils", "Utils", "{796590FA-361E-40CA-A98F-2939AFD130AC}"
EndProject
Project("{2150E333-8FDC-42A3-9474-1A3956D46DE8}") = "Apps", "Apps", "{F37572ED-5C49-444F-A431-FFA3B354BC58}"
EndProject
Project("{2150E333-8FDC-42A3-9474-1A3956D46DE8}") = "BL", "BL", "{01F5F160-46B1-47EA-8D07-655A265617F4}"
EndProject
Project("{2150E333-8FDC-42A3-9474-1A3956D46DE8}") = "Shared", "Shared", "{B5B80A3C-21BC-4CB0-A430-19B60F5CC07D}"
EndProject
Project("{2150E333-8FDC-42A3-9474-1A3956D46DE8}") = "Kernel", "Kernel", "{449F60B5-6470-4F36-9763-F8ED2D276083}"
EndProject
Global
	GlobalSection(SolutionConfigurationPlatforms) = preSolution
		Debug|Any CPU = Debug|Any CPU
		Release|Any CPU = Release|Any CPU
	EndGlobalSection
	GlobalSection(ProjectConfigurationPlatforms) = postSolution
		{DC2B3A35-FB65-4C5B-BAB7-E7793AD73448}.Debug|Any CPU.ActiveCfg = Debug|Any CPU
		{DC2B3A35-FB65-4C5B-BAB7-E7793AD73448}.Debug|Any CPU.Build.0 = Debug|Any CPU
		{DC2B3A35-FB65-4C5B-BAB7-E7793AD73448}.Release|Any CPU.ActiveCfg = Release|Any CPU
		{DC2B3A35-FB65-4C5B-BAB7-E7793AD73448}.Release|Any CPU.Build.0 = Release|Any CPU
		{592C5EE0-F3F5-47B0-8CA0-C5CAA22F7099}.Debug|Any CPU.ActiveCfg = Debug|Any CPU
		{592C5EE0-F3F5-47B0-8CA0-C5CAA22F7099}.Debug|Any CPU.Build.0 = Debug|Any CPU
		{592C5EE0-F3F5-47B0-8CA0-C5CAA22F7099}.Release|Any CPU.ActiveCfg = Release|Any CPU
		{592C5EE0-F3F5-47B0-8CA0-C5CAA22F7099}.Release|Any CPU.Build.0 = Release|Any CPU
		{C36D1497-0C4A-442F-8A11-099EA67C5F46}.Debug|Any CPU.ActiveCfg = Debug|Any CPU
		{C36D1497-0C4A-442F-8A11-099EA67C5F46}.Debug|Any CPU.Build.0 = Debug|Any CPU
		{C36D1497-0C4A-442F-8A11-099EA67C5F46}.Release|Any CPU.ActiveCfg = Release|Any CPU
		{C36D1497-0C4A-442F-8A11-099EA67C5F46}.Release|Any CPU.Build.0 = Release|Any CPU
		{D074B392-07BA-4CD5-A496-12516D097761}.Debug|Any CPU.ActiveCfg = Debug|Any CPU
		{D074B392-07BA-4CD5-A496-12516D097761}.Debug|Any CPU.Build.0 = Debug|Any CPU
		{D074B392-07BA-4CD5-A496-12516D097761}.Release|Any CPU.ActiveCfg = Release|Any CPU
		{D074B392-07BA-4CD5-A496-12516D097761}.Release|Any CPU.Build.0 = Release|Any CPU
		{524CE3D7-1226-4377-A0AD-CF5CBC11182D}.Debug|Any CPU.ActiveCfg = Debug|Any CPU
		{524CE3D7-1226-4377-A0AD-CF5CBC11182D}.Debug|Any CPU.Build.0 = Debug|Any CPU
		{524CE3D7-1226-4377-A0AD-CF5CBC11182D}.Release|Any CPU.ActiveCfg = Release|Any CPU
		{524CE3D7-1226-4377-A0AD-CF5CBC11182D}.Release|Any CPU.Build.0 = Release|Any CPU
		{95E76317-2CD2-4ED2-87D8-A420CB28FD42}.Debug|Any CPU.ActiveCfg = Debug|Any CPU
		{95E76317-2CD2-4ED2-87D8-A420CB28FD42}.Debug|Any CPU.Build.0 = Debug|Any CPU
		{95E76317-2CD2-4ED2-87D8-A420CB28FD42}.Release|Any CPU.ActiveCfg = Release|Any CPU
		{95E76317-2CD2-4ED2-87D8-A420CB28FD42}.Release|Any CPU.Build.0 = Release|Any CPU
		{6C92F2D6-BB81-4A25-9310-CF1A26A38F06}.Debug|Any CPU.ActiveCfg = Debug|Any CPU
		{6C92F2D6-BB81-4A25-9310-CF1A26A38F06}.Debug|Any CPU.Build.0 = Debug|Any CPU
		{6C92F2D6-BB81-4A25-9310-CF1A26A38F06}.Release|Any CPU.ActiveCfg = Release|Any CPU
		{6C92F2D6-BB81-4A25-9310-CF1A26A38F06}.Release|Any CPU.Build.0 = Release|Any CPU
		{AF31104E-FB7A-4F10-9BE4-610AD11A8EBE}.Debug|Any CPU.ActiveCfg = Debug|Any CPU
		{AF31104E-FB7A-4F10-9BE4-610AD11A8EBE}.Debug|Any CPU.Build.0 = Debug|Any CPU
		{AF31104E-FB7A-4F10-9BE4-610AD11A8EBE}.Release|Any CPU.ActiveCfg = Release|Any CPU
		{AF31104E-FB7A-4F10-9BE4-610AD11A8EBE}.Release|Any CPU.Build.0 = Release|Any CPU
		{EF3D1AB7-5FA1-43EF-A99F-41C4994E1CEA}.Debug|Any CPU.ActiveCfg = Debug|Any CPU
		{EF3D1AB7-5FA1-43EF-A99F-41C4994E1CEA}.Debug|Any CPU.Build.0 = Debug|Any CPU
		{EF3D1AB7-5FA1-43EF-A99F-41C4994E1CEA}.Release|Any CPU.ActiveCfg = Release|Any CPU
		{EF3D1AB7-5FA1-43EF-A99F-41C4994E1CEA}.Release|Any CPU.Build.0 = Release|Any CPU
		{9648F306-DF36-4190-A7A3-7C225CE4B173}.Debug|Any CPU.ActiveCfg = Debug|Any CPU
		{9648F306-DF36-4190-A7A3-7C225CE4B173}.Debug|Any CPU.Build.0 = Debug|Any CPU
		{9648F306-DF36-4190-A7A3-7C225CE4B173}.Release|Any CPU.ActiveCfg = Release|Any CPU
		{9648F306-DF36-4190-A7A3-7C225CE4B173}.Release|Any CPU.Build.0 = Release|Any CPU
		{9A302056-033B-4B31-812F-F1C8243238F5}.Debug|Any CPU.ActiveCfg = Debug|Any CPU
		{9A302056-033B-4B31-812F-F1C8243238F5}.Debug|Any CPU.Build.0 = Debug|Any CPU
		{9A302056-033B-4B31-812F-F1C8243238F5}.Release|Any CPU.ActiveCfg = Release|Any CPU
		{9A302056-033B-4B31-812F-F1C8243238F5}.Release|Any CPU.Build.0 = Release|Any CPU
	EndGlobalSection
	GlobalSection(SolutionProperties) = preSolution
		HideSolutionNode = FALSE
	EndGlobalSection
	GlobalSection(NestedProjects) = preSolution
		{DC2B3A35-FB65-4C5B-BAB7-E7793AD73448} = {449F60B5-6470-4F36-9763-F8ED2D276083}
		{592C5EE0-F3F5-47B0-8CA0-C5CAA22F7099} = {4B046E41-3D4C-4D56-8145-44E0E5B70EE3}
		{C36D1497-0C4A-442F-8A11-099EA67C5F46} = {4B046E41-3D4C-4D56-8145-44E0E5B70EE3}
		{D074B392-07BA-4CD5-A496-12516D097761} = {449F60B5-6470-4F36-9763-F8ED2D276083}
		{524CE3D7-1226-4377-A0AD-CF5CBC11182D} = {105EDF94-559B-4F21-948E-A27B6E7DC9CA}
		{95E76317-2CD2-4ED2-87D8-A420CB28FD42} = {105EDF94-559B-4F21-948E-A27B6E7DC9CA}
		{6C92F2D6-BB81-4A25-9310-CF1A26A38F06} = {F37572ED-5C49-444F-A431-FFA3B354BC58}
		{AF31104E-FB7A-4F10-9BE4-610AD11A8EBE} = {F37572ED-5C49-444F-A431-FFA3B354BC58}
		{EF3D1AB7-5FA1-43EF-A99F-41C4994E1CEA} = {4B046E41-3D4C-4D56-8145-44E0E5B70EE3}
		{9648F306-DF36-4190-A7A3-7C225CE4B173} = {796590FA-361E-40CA-A98F-2939AFD130AC}
		{9A302056-033B-4B31-812F-F1C8243238F5} = {01F5F160-46B1-47EA-8D07-655A265617F4}
		{105EDF94-559B-4F21-948E-A27B6E7DC9CA} = {F37572ED-5C49-444F-A431-FFA3B354BC58}
		{796590FA-361E-40CA-A98F-2939AFD130AC} = {B5B80A3C-21BC-4CB0-A430-19B60F5CC07D}
		{449F60B5-6470-4F36-9763-F8ED2D276083} = {B5B80A3C-21BC-4CB0-A430-19B60F5CC07D}
	EndGlobalSection
	GlobalSection(ExtensibilityGlobals) = postSolution
		SolutionGuid = {69844E23-2437-411C-9207-45B04F73D1A2}
	EndGlobalSection
EndGlobal
